PODS:
  - AudioKit (4.11.2):
    - AudioKit/Core (= 4.11.2)
    - AudioKit/UI (= 4.11.2)
  - AudioKit/Core (4.11.2)
  - AudioKit/UI (4.11.2):
    - AudioKit/Core
  - GaugeSlider (1.0.1)

DEPENDENCIES:
  - AudioKit (~> 4.11.1)
  - GaugeSlider (~> 1.0.1)

SPEC REPOS:
  trunk:
    - AudioKit
    - GaugeSlider

SPEC CHECKSUMS:
  AudioKit: 57cc61d708f085763a031e5c3f87adae21dc4b59
  GaugeSlider: 8899c41e6e74e5235acecbb7580deaba66be3ecb

PODFILE CHECKSUM: 8be43edcc9126024b78d745374502b0c4d012a4d

COCOAPODS: 1.10.1
