// !$*UTF8*$!
{
	archiveVersion = 1;
	classes = {
	};
	objectVersion = 52;
	objects = {

/* Begin PBXBuildFile section */
		4700B18625F3DE6F00DCBAF5 /* Pods_instrumentTunner.framework in Embed Frameworks */ = {isa = PBXBuildFile; fileRef = 4700B18425F3DE6F00DCBAF5 /* Pods_instrumentTunner.framework */; settings = {ATTRIBUTES = (CodeSignOnCopy, RemoveHeadersOnCopy, ); }; };
		47283F05260375F0006EA330 /* selectionScreen.m in Sources */ = {isa = PBXBuildFile; fileRef = 47283F04260375F0006EA330 /* selectionScreen.m */; };
		4752DF3A84967C892CBD90F8 /* Pods_instrumentTunner_instrumentTunnerUITests.framework in Frameworks */ = {isa = PBXBuildFile; fileRef = 4700B18125F3DE6C00DCBAF5 /* Pods_instrumentTunner_instrumentTunnerUITests.framework */; };
		478A5FBD25F3E5BD0042588F /* File.swift in Sources */ = {isa = PBXBuildFile; fileRef = 478A5FBC25F3E5BD0042588F /* File.swift */; };
		478C994B25F3DD580004B04E /* AudioKit.xcframework in Embed Frameworks */ = {isa = PBXBuildFile; fileRef = 478C994925F3DD580004B04E /* AudioKit.xcframework */; settings = {ATTRIBUTES = (CodeSignOnCopy, RemoveHeadersOnCopy, ); }; };
		478C995025F3DD790004B04E /* AudioKitUI.xcframework in Embed Frameworks */ = {isa = PBXBuildFile; fileRef = 478C994E25F3DD790004B04E /* AudioKitUI.xcframework */; settings = {ATTRIBUTES = (CodeSignOnCopy, RemoveHeadersOnCopy, ); }; };
		47C89AE625F66D28006974AA /* File.swift in Sources */ = {isa = PBXBuildFile; fileRef = 478A5FBC25F3E5BD0042588F /* File.swift */; };
		47C89AE925F66D2E006974AA /* File.swift in Sources */ = {isa = PBXBuildFile; fileRef = 478A5FBC25F3E5BD0042588F /* File.swift */; };
		47D64DD725F2A193005E976D /* AppDelegate.m in Sources */ = {isa = PBXBuildFile; fileRef = 47D64DD625F2A193005E976D /* AppDelegate.m */; };
		47D64DDA25F2A193005E976D /* SceneDelegate.m in Sources */ = {isa = PBXBuildFile; fileRef = 47D64DD925F2A193005E976D /* SceneDelegate.m */; };
		47D64DDD25F2A193005E976D /* ViewController.m in Sources */ = {isa = PBXBuildFile; fileRef = 47D64DDC25F2A193005E976D /* ViewController.m */; };
		47D64DE025F2A193005E976D /* Main.storyboard in Resources */ = {isa = PBXBuildFile; fileRef = 47D64DDE25F2A193005E976D /* Main.storyboard */; };
		47D64DE225F2A194005E976D /* Assets.xcassets in Resources */ = {isa = PBXBuildFile; fileRef = 47D64DE125F2A194005E976D /* Assets.xcassets */; };
		47D64DE525F2A194005E976D /* LaunchScreen.storyboard in Resources */ = {isa = PBXBuildFile; fileRef = 47D64DE325F2A194005E976D /* LaunchScreen.storyboard */; };
		47D64DE825F2A194005E976D /* main.m in Sources */ = {isa = PBXBuildFile; fileRef = 47D64DE725F2A194005E976D /* main.m */; };
		47D64DF225F2A194005E976D /* instrumentTunnerTests.m in Sources */ = {isa = PBXBuildFile; fileRef = 47D64DF125F2A194005E976D /* instrumentTunnerTests.m */; };
		47D64DFD25F2A194005E976D /* instrumentTunnerUITests.m in Sources */ = {isa = PBXBuildFile; fileRef = 47D64DFC25F2A194005E976D /* instrumentTunnerUITests.m */; };
		47D64E1725F2A51E005E976D /* audioAnalyzer.m in Sources */ = {isa = PBXBuildFile; fileRef = 47D64E1625F2A51E005E976D /* audioAnalyzer.m */; };
		D5D12DE060B94EC8DEDB1797 /* Pods_instrumentTunnerTests.framework in Frameworks */ = {isa = PBXBuildFile; fileRef = 4700B18725F3DE7300DCBAF5 /* Pods_instrumentTunnerTests.framework */; };
/* End PBXBuildFile section */

/* Begin PBXContainerItemProxy section */
		47D64DEE25F2A194005E976D /* PBXContainerItemProxy */ = {
			isa = PBXContainerItemProxy;
			containerPortal = 47D64DCA25F2A193005E976D /* Project object */;
			proxyType = 1;
			remoteGlobalIDString = 47D64DD125F2A193005E976D;
			remoteInfo = instrumentTunner;
		};
		47D64DF925F2A194005E976D /* PBXContainerItemProxy */ = {
			isa = PBXContainerItemProxy;
			containerPortal = 47D64DCA25F2A193005E976D /* Project object */;
			proxyType = 1;
			remoteGlobalIDString = 47D64DD125F2A193005E976D;
			remoteInfo = instrumentTunner;
		};
/* End PBXContainerItemProxy section */

/* Begin PBXCopyFilesBuildPhase section */
		478C992B25F3CE4E0004B04E /* Embed Frameworks */ = {
			isa = PBXCopyFilesBuildPhase;
			buildActionMask = 2147483647;
			dstPath = "";
			dstSubfolderSpec = 10;
			files = (
				478C995025F3DD790004B04E /* AudioKitUI.xcframework in Embed Frameworks */,
				4700B18625F3DE6F00DCBAF5 /* Pods_instrumentTunner.framework in Embed Frameworks */,
				478C994B25F3DD580004B04E /* AudioKit.xcframework in Embed Frameworks */,
			);
			name = "Embed Frameworks";
			runOnlyForDeploymentPostprocessing = 0;
		};
/* End PBXCopyFilesBuildPhase section */

/* Begin PBXFileReference section */
		2434D67D2F4FE3418BF8D509 /* Pods-instrumentTunnerTests.release.xcconfig */ = {isa = PBXFileReference; includeInIndex = 1; lastKnownFileType = text.xcconfig; name = "Pods-instrumentTunnerTests.release.xcconfig"; path = "Target Support Files/Pods-instrumentTunnerTests/Pods-instrumentTunnerTests.release.xcconfig"; sourceTree = "<group>"; };
		4700B18125F3DE6C00DCBAF5 /* Pods_instrumentTunner_instrumentTunnerUITests.framework */ = {isa = PBXFileReference; explicitFileType = wrapper.framework; path = Pods_instrumentTunner_instrumentTunnerUITests.framework; sourceTree = BUILT_PRODUCTS_DIR; };
		4700B18425F3DE6F00DCBAF5 /* Pods_instrumentTunner.framework */ = {isa = PBXFileReference; explicitFileType = wrapper.framework; path = Pods_instrumentTunner.framework; sourceTree = BUILT_PRODUCTS_DIR; };
		4700B18725F3DE7300DCBAF5 /* Pods_instrumentTunnerTests.framework */ = {isa = PBXFileReference; explicitFileType = wrapper.framework; path = Pods_instrumentTunnerTests.framework; sourceTree = BUILT_PRODUCTS_DIR; };
		4700B1A225F3E08D00DCBAF5 /* instrumentTunner */ = {isa = PBXFileReference; lastKnownFileType = folder; path = instrumentTunner; sourceTree = "<group>"; };
		47283F03260375E0006EA330 /* selectionScreen.h */ = {isa = PBXFileReference; lastKnownFileType = sourcecode.c.h; path = selectionScreen.h; sourceTree = "<group>"; };
		47283F04260375F0006EA330 /* selectionScreen.m */ = {isa = PBXFileReference; lastKnownFileType = sourcecode.c.objc; path = selectionScreen.m; sourceTree = "<group>"; };
		478A5FBB25F3E5BD0042588F /* instrumentTunner-Bridging-Header.h */ = {isa = PBXFileReference; lastKnownFileType = sourcecode.c.h; path = "instrumentTunner-Bridging-Header.h"; sourceTree = "<group>"; };
		478A5FBC25F3E5BD0042588F /* File.swift */ = {isa = PBXFileReference; lastKnownFileType = sourcecode.swift; path = File.swift; sourceTree = "<group>"; };
		478C993025F3CEC00004B04E /* AudioKit */ = {isa = PBXFileReference; lastKnownFileType = folder; name = AudioKit; path = Pods/AudioKit; sourceTree = "<group>"; };
		478C993125F3CEFD0004B04E /* AudioKit */ = {isa = PBXFileReference; lastKnownFileType = archive.ar; name = AudioKit; path = "Pods/AudioKit/AudioKit.xcframework/macos-x86_64/AudioKit.framework/Versions/A/AudioKit"; sourceTree = "<group>"; };
		478C993225F3CFA90004B04E /* AudioKit.framework */ = {isa = PBXFileReference; lastKnownFileType = wrapper.framework; name = AudioKit.framework; path = "Pods/AudioKit/AudioKit.xcframework/macos-x86_64/AudioKit.framework"; sourceTree = "<group>"; };
		478C993B25F3DD2A0004B04E /* AudioKit.framework */ = {isa = PBXFileReference; lastKnownFileType = wrapper.framework; name = AudioKit.framework; path = "Pods/AudioKit/AudioKit.xcframework/ios-x86_64-maccatalyst/AudioKit.framework"; sourceTree = "<group>"; };
		478C994225F3DD430004B04E /* AudioKit.framework */ = {isa = PBXFileReference; lastKnownFileType = wrapper.framework; name = AudioKit.framework; path = "Pods/AudioKit/AudioKit.xcframework/ios-arm64_armv7/AudioKit.framework"; sourceTree = "<group>"; };
		478C994925F3DD580004B04E /* AudioKit.xcframework */ = {isa = PBXFileReference; lastKnownFileType = wrapper.xcframework; name = AudioKit.xcframework; path = Pods/AudioKit/AudioKit.xcframework; sourceTree = "<group>"; };
		478C994E25F3DD790004B04E /* AudioKitUI.xcframework */ = {isa = PBXFileReference; lastKnownFileType = wrapper.xcframework; name = AudioKitUI.xcframework; path = Pods/AudioKit/AudioKitUI.xcframework; sourceTree = "<group>"; };
		478C995325F3DDAB0004B04E /* Pods-instrumentTunner */ = {isa = PBXFileReference; lastKnownFileType = folder; name = "Pods-instrumentTunner"; path = "Pods/Target Support Files/Pods-instrumentTunner"; sourceTree = "<group>"; };
		47D64DD225F2A193005E976D /* instrumentTunner.app */ = {isa = PBXFileReference; explicitFileType = wrapper.application; includeInIndex = 0; path = instrumentTunner.app; sourceTree = BUILT_PRODUCTS_DIR; };
		47D64DD525F2A193005E976D /* AppDelegate.h */ = {isa = PBXFileReference; lastKnownFileType = sourcecode.c.h; path = AppDelegate.h; sourceTree = "<group>"; };
		47D64DD625F2A193005E976D /* AppDelegate.m */ = {isa = PBXFileReference; lastKnownFileType = sourcecode.c.objc; path = AppDelegate.m; sourceTree = "<group>"; };
		47D64DD825F2A193005E976D /* SceneDelegate.h */ = {isa = PBXFileReference; lastKnownFileType = sourcecode.c.h; path = SceneDelegate.h; sourceTree = "<group>"; };
		47D64DD925F2A193005E976D /* SceneDelegate.m */ = {isa = PBXFileReference; lastKnownFileType = sourcecode.c.objc; path = SceneDelegate.m; sourceTree = "<group>"; };
		47D64DDB25F2A193005E976D /* ViewController.h */ = {isa = PBXFileReference; lastKnownFileType = sourcecode.c.h; path = ViewController.h; sourceTree = "<group>"; };
		47D64DDC25F2A193005E976D /* ViewController.m */ = {isa = PBXFileReference; lastKnownFileType = sourcecode.c.objc; path = ViewController.m; sourceTree = "<group>"; };
		47D64DDF25F2A193005E976D /* Base */ = {isa = PBXFileReference; lastKnownFileType = file.storyboard; name = Base; path = Base.lproj/Main.storyboard; sourceTree = "<group>"; };
		47D64DE125F2A194005E976D /* Assets.xcassets */ = {isa = PBXFileReference; lastKnownFileType = folder.assetcatalog; path = Assets.xcassets; sourceTree = "<group>"; };
		47D64DE425F2A194005E976D /* Base */ = {isa = PBXFileReference; lastKnownFileType = file.storyboard; name = Base; path = Base.lproj/LaunchScreen.storyboard; sourceTree = "<group>"; };
		47D64DE625F2A194005E976D /* Info.plist */ = {isa = PBXFileReference; lastKnownFileType = text.plist.xml; path = Info.plist; sourceTree = "<group>"; };
		47D64DE725F2A194005E976D /* main.m */ = {isa = PBXFileReference; lastKnownFileType = sourcecode.c.objc; path = main.m; sourceTree = "<group>"; };
		47D64DED25F2A194005E976D /* instrumentTunnerTests.xctest */ = {isa = PBXFileReference; explicitFileType = wrapper.cfbundle; includeInIndex = 0; path = instrumentTunnerTests.xctest; sourceTree = BUILT_PRODUCTS_DIR; };
		47D64DF125F2A194005E976D /* instrumentTunnerTests.m */ = {isa = PBXFileReference; lastKnownFileType = sourcecode.c.objc; path = instrumentTunnerTests.m; sourceTree = "<group>"; };
		47D64DF325F2A194005E976D /* Info.plist */ = {isa = PBXFileReference; lastKnownFileType = text.plist.xml; path = Info.plist; sourceTree = "<group>"; };
		47D64DF825F2A194005E976D /* instrumentTunnerUITests.xctest */ = {isa = PBXFileReference; explicitFileType = wrapper.cfbundle; includeInIndex = 0; path = instrumentTunnerUITests.xctest; sourceTree = BUILT_PRODUCTS_DIR; };
		47D64DFC25F2A194005E976D /* instrumentTunnerUITests.m */ = {isa = PBXFileReference; lastKnownFileType = sourcecode.c.objc; path = instrumentTunnerUITests.m; sourceTree = "<group>"; };
		47D64DFE25F2A194005E976D /* Info.plist */ = {isa = PBXFileReference; lastKnownFileType = text.plist.xml; path = Info.plist; sourceTree = "<group>"; };
		47D64E0D25F2A29D005E976D /* audioAnalyzer.h */ = {isa = PBXFileReference; lastKnownFileType = sourcecode.c.h; path = audioAnalyzer.h; sourceTree = "<group>"; };
		47D64E1625F2A51E005E976D /* audioAnalyzer.m */ = {isa = PBXFileReference; lastKnownFileType = sourcecode.c.objc; path = audioAnalyzer.m; sourceTree = "<group>"; };
		51AE93CC877E3E61B8ECDF11 /* Pods-instrumentTunner-instrumentTunnerUITests.debug.xcconfig */ = {isa = PBXFileReference; includeInIndex = 1; lastKnownFileType = text.xcconfig; name = "Pods-instrumentTunner-instrumentTunnerUITests.debug.xcconfig"; path = "Target Support Files/Pods-instrumentTunner-instrumentTunnerUITests/Pods-instrumentTunner-instrumentTunnerUITests.debug.xcconfig"; sourceTree = "<group>"; };
		9E3E42F3D715F37EE3CED426 /* Pods-instrumentTunner.debug.xcconfig */ = {isa = PBXFileReference; includeInIndex = 1; lastKnownFileType = text.xcconfig; name = "Pods-instrumentTunner.debug.xcconfig"; path = "Target Support Files/Pods-instrumentTunner/Pods-instrumentTunner.debug.xcconfig"; sourceTree = "<group>"; };
		BD9878378522843E9D4C9319 /* Pods-instrumentTunnerTests.debug.xcconfig */ = {isa = PBXFileReference; includeInIndex = 1; lastKnownFileType = text.xcconfig; name = "Pods-instrumentTunnerTests.debug.xcconfig"; path = "Target Support Files/Pods-instrumentTunnerTests/Pods-instrumentTunnerTests.debug.xcconfig"; sourceTree = "<group>"; };
		C423B127456FC3FAE1E248C1 /* Pods-instrumentTunner.release.xcconfig */ = {isa = PBXFileReference; includeInIndex = 1; lastKnownFileType = text.xcconfig; name = "Pods-instrumentTunner.release.xcconfig"; path = "Target Support Files/Pods-instrumentTunner/Pods-instrumentTunner.release.xcconfig"; sourceTree = "<group>"; };
		E3540630AA1CCBD1F404CBFF /* Pods-instrumentTunner-instrumentTunnerUITests.release.xcconfig */ = {isa = PBXFileReference; includeInIndex = 1; lastKnownFileType = text.xcconfig; name = "Pods-instrumentTunner-instrumentTunnerUITests.release.xcconfig"; path = "Target Support Files/Pods-instrumentTunner-instrumentTunnerUITests/Pods-instrumentTunner-instrumentTunnerUITests.release.xcconfig"; sourceTree = "<group>"; };
/* End PBXFileReference section */

/* Begin PBXFrameworksBuildPhase section */
		47D64DCF25F2A193005E976D /* Frameworks */ = {
			isa = PBXFrameworksBuildPhase;
			buildActionMask = 2147483647;
			files = (
			);
			runOnlyForDeploymentPostprocessing = 0;
		};
		47D64DEA25F2A194005E976D /* Frameworks */ = {
			isa = PBXFrameworksBuildPhase;
			buildActionMask = 2147483647;
			files = (
				D5D12DE060B94EC8DEDB1797 /* Pods_instrumentTunnerTests.framework in Frameworks */,
			);
			runOnlyForDeploymentPostprocessing = 0;
		};
		47D64DF525F2A194005E976D /* Frameworks */ = {
			isa = PBXFrameworksBuildPhase;
			buildActionMask = 2147483647;
			files = (
				4752DF3A84967C892CBD90F8 /* Pods_instrumentTunner_instrumentTunnerUITests.framework in Frameworks */,
			);
			runOnlyForDeploymentPostprocessing = 0;
		};
/* End PBXFrameworksBuildPhase section */

/* Begin PBXGroup section */
		47D64DC925F2A193005E976D = {
			isa = PBXGroup;
			children = (
				478A5FBC25F3E5BD0042588F /* File.swift */,
				47D64DD425F2A193005E976D /* instrumentTunner */,
				47D64DF025F2A194005E976D /* instrumentTunnerTests */,
				47D64DFB25F2A194005E976D /* instrumentTunnerUITests */,
				47D64DD325F2A193005E976D /* Products */,
				87FE08A4E4A0CDF065E8BE6E /* Pods */,
				8D6BEFB81AEA2973790A9DED /* Frameworks */,
				478A5FBB25F3E5BD0042588F /* instrumentTunner-Bridging-Header.h */,
			);
			sourceTree = "<group>";
		};
		47D64DD325F2A193005E976D /* Products */ = {
			isa = PBXGroup;
			children = (
				47D64DD225F2A193005E976D /* instrumentTunner.app */,
				47D64DED25F2A194005E976D /* instrumentTunnerTests.xctest */,
				47D64DF825F2A194005E976D /* instrumentTunnerUITests.xctest */,
			);
			name = Products;
			sourceTree = "<group>";
		};
		47D64DD425F2A193005E976D /* instrumentTunner */ = {
			isa = PBXGroup;
			children = (
				47D64DD525F2A193005E976D /* AppDelegate.h */,
				47D64DD625F2A193005E976D /* AppDelegate.m */,
				47D64DD825F2A193005E976D /* SceneDelegate.h */,
				47D64DD925F2A193005E976D /* SceneDelegate.m */,
				47D64DDB25F2A193005E976D /* ViewController.h */,
				47D64DDC25F2A193005E976D /* ViewController.m */,
				47D64DDE25F2A193005E976D /* Main.storyboard */,
				47D64E0D25F2A29D005E976D /* audioAnalyzer.h */,
				47D64E1625F2A51E005E976D /* audioAnalyzer.m */,
				47D64DE125F2A194005E976D /* Assets.xcassets */,
				47D64DE325F2A194005E976D /* LaunchScreen.storyboard */,
				47D64DE625F2A194005E976D /* Info.plist */,
				47D64DE725F2A194005E976D /* main.m */,
				47283F03260375E0006EA330 /* selectionScreen.h */,
				47283F04260375F0006EA330 /* selectionScreen.m */,
			);
			path = instrumentTunner;
			sourceTree = "<group>";
		};
		47D64DF025F2A194005E976D /* instrumentTunnerTests */ = {
			isa = PBXGroup;
			children = (
				47D64DF125F2A194005E976D /* instrumentTunnerTests.m */,
				47D64DF325F2A194005E976D /* Info.plist */,
			);
			path = instrumentTunnerTests;
			sourceTree = "<group>";
		};
		47D64DFB25F2A194005E976D /* instrumentTunnerUITests */ = {
			isa = PBXGroup;
			children = (
				47D64DFC25F2A194005E976D /* instrumentTunnerUITests.m */,
				47D64DFE25F2A194005E976D /* Info.plist */,
			);
			path = instrumentTunnerUITests;
			sourceTree = "<group>";
		};
		87FE08A4E4A0CDF065E8BE6E /* Pods */ = {
			isa = PBXGroup;
			children = (
				9E3E42F3D715F37EE3CED426 /* Pods-instrumentTunner.debug.xcconfig */,
				C423B127456FC3FAE1E248C1 /* Pods-instrumentTunner.release.xcconfig */,
				51AE93CC877E3E61B8ECDF11 /* Pods-instrumentTunner-instrumentTunnerUITests.debug.xcconfig */,
				E3540630AA1CCBD1F404CBFF /* Pods-instrumentTunner-instrumentTunnerUITests.release.xcconfig */,
				BD9878378522843E9D4C9319 /* Pods-instrumentTunnerTests.debug.xcconfig */,
				2434D67D2F4FE3418BF8D509 /* Pods-instrumentTunnerTests.release.xcconfig */,
			);
			path = Pods;
			sourceTree = "<group>";
		};
		8D6BEFB81AEA2973790A9DED /* Frameworks */ = {
			isa = PBXGroup;
			children = (
				4700B1A225F3E08D00DCBAF5 /* instrumentTunner */,
				4700B18725F3DE7300DCBAF5 /* Pods_instrumentTunnerTests.framework */,
				4700B18425F3DE6F00DCBAF5 /* Pods_instrumentTunner.framework */,
				4700B18125F3DE6C00DCBAF5 /* Pods_instrumentTunner_instrumentTunnerUITests.framework */,
				478C995325F3DDAB0004B04E /* Pods-instrumentTunner */,
				478C994E25F3DD790004B04E /* AudioKitUI.xcframework */,
				478C994925F3DD580004B04E /* AudioKit.xcframework */,
				478C993225F3CFA90004B04E /* AudioKit.framework */,
				478C993B25F3DD2A0004B04E /* AudioKit.framework */,
				478C994225F3DD430004B04E /* AudioKit.framework */,
				478C993025F3CEC00004B04E /* AudioKit */,
				478C993125F3CEFD0004B04E /* AudioKit */,
			);
			name = Frameworks;
			sourceTree = "<group>";
		};
/* End PBXGroup section */

/* Begin PBXNativeTarget section */
		47D64DD125F2A193005E976D /* instrumentTunner */ = {
			isa = PBXNativeTarget;
			buildConfigurationList = 47D64E0125F2A194005E976D /* Build configuration list for PBXNativeTarget "instrumentTunner" */;
			buildPhases = (
				3D93EE4A815B457BE2E984B6 /* [CP] Check Pods Manifest.lock */,
				47D64DCE25F2A193005E976D /* Sources */,
				47D64DCF25F2A193005E976D /* Frameworks */,
				47D64DD025F2A193005E976D /* Resources */,
				478C992B25F3CE4E0004B04E /* Embed Frameworks */,
			);
			buildRules = (
			);
			dependencies = (
			);
			name = instrumentTunner;
			productName = instrumentTunner;
			productReference = 47D64DD225F2A193005E976D /* instrumentTunner.app */;
			productType = "com.apple.product-type.application";
		};
		47D64DEC25F2A194005E976D /* instrumentTunnerTests */ = {
			isa = PBXNativeTarget;
			buildConfigurationList = 47D64E0425F2A194005E976D /* Build configuration list for PBXNativeTarget "instrumentTunnerTests" */;
			buildPhases = (
				51953979C962696CD5FAF01D /* [CP] Check Pods Manifest.lock */,
				47D64DE925F2A194005E976D /* Sources */,
				47D64DEA25F2A194005E976D /* Frameworks */,
				47D64DEB25F2A194005E976D /* Resources */,
			);
			buildRules = (
			);
			dependencies = (
				47D64DEF25F2A194005E976D /* PBXTargetDependency */,
			);
			name = instrumentTunnerTests;
			productName = instrumentTunnerTests;
			productReference = 47D64DED25F2A194005E976D /* instrumentTunnerTests.xctest */;
			productType = "com.apple.product-type.bundle.unit-test";
		};
		47D64DF725F2A194005E976D /* instrumentTunnerUITests */ = {
			isa = PBXNativeTarget;
			buildConfigurationList = 47D64E0725F2A194005E976D /* Build configuration list for PBXNativeTarget "instrumentTunnerUITests" */;
			buildPhases = (
				9B833B087224EA8B07A89A8A /* [CP] Check Pods Manifest.lock */,
				47D64DF425F2A194005E976D /* Sources */,
				47D64DF525F2A194005E976D /* Frameworks */,
				47D64DF625F2A194005E976D /* Resources */,
			);
			buildRules = (
			);
			dependencies = (
				47D64DFA25F2A194005E976D /* PBXTargetDependency */,
			);
			name = instrumentTunnerUITests;
			productName = instrumentTunnerUITests;
			productReference = 47D64DF825F2A194005E976D /* instrumentTunnerUITests.xctest */;
			productType = "com.apple.product-type.bundle.ui-testing";
		};
/* End PBXNativeTarget section */

/* Begin PBXProject section */
		47D64DCA25F2A193005E976D /* Project object */ = {
			isa = PBXProject;
			attributes = {
				LastUpgradeCheck = 1240;
				TargetAttributes = {
					47D64DD125F2A193005E976D = {
						CreatedOnToolsVersion = 12.4;
						LastSwiftMigration = 1240;
					};
					47D64DEC25F2A194005E976D = {
						CreatedOnToolsVersion = 12.4;
						TestTargetID = 47D64DD125F2A193005E976D;
					};
					47D64DF725F2A194005E976D = {
						CreatedOnToolsVersion = 12.4;
						TestTargetID = 47D64DD125F2A193005E976D;
					};
				};
			};
			buildConfigurationList = 47D64DCD25F2A193005E976D /* Build configuration list for PBXProject "instrumentTunner" */;
			compatibilityVersion = "Xcode 9.3";
			developmentRegion = en;
			hasScannedForEncodings = 0;
			knownRegions = (
				en,
				Base,
			);
			mainGroup = 47D64DC925F2A193005E976D;
			productRefGroup = 47D64DD325F2A193005E976D /* Products */;
			projectDirPath = "";
			projectRoot = "";
			targets = (
				47D64DD125F2A193005E976D /* instrumentTunner */,
				47D64DEC25F2A194005E976D /* instrumentTunnerTests */,
				47D64DF725F2A194005E976D /* instrumentTunnerUITests */,
			);
		};
/* End PBXProject section */

/* Begin PBXResourcesBuildPhase section */
		47D64DD025F2A193005E976D /* Resources */ = {
			isa = PBXResourcesBuildPhase;
			buildActionMask = 2147483647;
			files = (
				47D64DE525F2A194005E976D /* LaunchScreen.storyboard in Resources */,
				47D64DE225F2A194005E976D /* Assets.xcassets in Resources */,
				47D64DE025F2A193005E976D /* Main.storyboard in Resources */,
			);
			runOnlyForDeploymentPostprocessing = 0;
		};
		47D64DEB25F2A194005E976D /* Resources */ = {
			isa = PBXResourcesBuildPhase;
			buildActionMask = 2147483647;
			files = (
			);
			runOnlyForDeploymentPostprocessing = 0;
		};
		47D64DF625F2A194005E976D /* Resources */ = {
			isa = PBXResourcesBuildPhase;
			buildActionMask = 2147483647;
			files = (
			);
			runOnlyForDeploymentPostprocessing = 0;
		};
/* End PBXResourcesBuildPhase section */

/* Begin PBXShellScriptBuildPhase section */
		3D93EE4A815B457BE2E984B6 /* [CP] Check Pods Manifest.lock */ = {
			isa = PBXShellScriptBuildPhase;
			buildActionMask = 2147483647;
			files = (
			);
			inputFileListPaths = (
			);
			inputPaths = (
				"${PODS_PODFILE_DIR_PATH}/Podfile.lock",
				"${PODS_ROOT}/Manifest.lock",
			);
			name = "[CP] Check Pods Manifest.lock";
			outputFileListPaths = (
			);
			outputPaths = (
				"$(DERIVED_FILE_DIR)/Pods-instrumentTunner-checkManifestLockResult.txt",
			);
			runOnlyForDeploymentPostprocessing = 0;
			shellPath = /bin/sh;
			shellScript = "diff \"${PODS_PODFILE_DIR_PATH}/Podfile.lock\" \"${PODS_ROOT}/Manifest.lock\" > /dev/null\nif [ $? != 0 ] ; then\n    # print error to STDERR\n    echo \"error: The sandbox is not in sync with the Podfile.lock. Run 'pod install' or update your CocoaPods installation.\" >&2\n    exit 1\nfi\n# This output is used by Xcode 'outputs' to avoid re-running this script phase.\necho \"SUCCESS\" > \"${SCRIPT_OUTPUT_FILE_0}\"\n";
			showEnvVarsInLog = 0;
		};
		51953979C962696CD5FAF01D /* [CP] Check Pods Manifest.lock */ = {
			isa = PBXShellScriptBuildPhase;
			buildActionMask = 2147483647;
			files = (
			);
			inputFileListPaths = (
			);
			inputPaths = (
				"${PODS_PODFILE_DIR_PATH}/Podfile.lock",
				"${PODS_ROOT}/Manifest.lock",
			);
			name = "[CP] Check Pods Manifest.lock";
			outputFileListPaths = (
			);
			outputPaths = (
				"$(DERIVED_FILE_DIR)/Pods-instrumentTunnerTests-checkManifestLockResult.txt",
			);
			runOnlyForDeploymentPostprocessing = 0;
			shellPath = /bin/sh;
			shellScript = "diff \"${PODS_PODFILE_DIR_PATH}/Podfile.lock\" \"${PODS_ROOT}/Manifest.lock\" > /dev/null\nif [ $? != 0 ] ; then\n    # print error to STDERR\n    echo \"error: The sandbox is not in sync with the Podfile.lock. Run 'pod install' or update your CocoaPods installation.\" >&2\n    exit 1\nfi\n# This output is used by Xcode 'outputs' to avoid re-running this script phase.\necho \"SUCCESS\" > \"${SCRIPT_OUTPUT_FILE_0}\"\n";
			showEnvVarsInLog = 0;
		};
		9B833B087224EA8B07A89A8A /* [CP] Check Pods Manifest.lock */ = {
			isa = PBXShellScriptBuildPhase;
			buildActionMask = 2147483647;
			files = (
			);
			inputFileListPaths = (
			);
			inputPaths = (
				"${PODS_PODFILE_DIR_PATH}/Podfile.lock",
				"${PODS_ROOT}/Manifest.lock",
			);
			name = "[CP] Check Pods Manifest.lock";
			outputFileListPaths = (
			);
			outputPaths = (
				"$(DERIVED_FILE_DIR)/Pods-instrumentTunner-instrumentTunnerUITests-checkManifestLockResult.txt",
			);
			runOnlyForDeploymentPostprocessing = 0;
			shellPath = /bin/sh;
			shellScript = "diff \"${PODS_PODFILE_DIR_PATH}/Podfile.lock\" \"${PODS_ROOT}/Manifest.lock\" > /dev/null\nif [ $? != 0 ] ; then\n    # print error to STDERR\n    echo \"error: The sandbox is not in sync with the Podfile.lock. Run 'pod install' or update your CocoaPods installation.\" >&2\n    exit 1\nfi\n# This output is used by Xcode 'outputs' to avoid re-running this script phase.\necho \"SUCCESS\" > \"${SCRIPT_OUTPUT_FILE_0}\"\n";
			showEnvVarsInLog = 0;
		};
/* End PBXShellScriptBuildPhase section */

/* Begin PBXSourcesBuildPhase section */
		47D64DCE25F2A193005E976D /* Sources */ = {
			isa = PBXSourcesBuildPhase;
			buildActionMask = 2147483647;
			files = (
				47D64DDD25F2A193005E976D /* ViewController.m in Sources */,
				478A5FBD25F3E5BD0042588F /* File.swift in Sources */,
				47D64DD725F2A193005E976D /* AppDelegate.m in Sources */,
				47D64E1725F2A51E005E976D /* audioAnalyzer.m in Sources */,
				47D64DE825F2A194005E976D /* main.m in Sources */,
				47283F05260375F0006EA330 /* selectionScreen.m in Sources */,
				47D64DDA25F2A193005E976D /* SceneDelegate.m in Sources */,
			);
			runOnlyForDeploymentPostprocessing = 0;
		};
		47D64DE925F2A194005E976D /* Sources */ = {
			isa = PBXSourcesBuildPhase;
			buildActionMask = 2147483647;
			files = (
				47C89AE625F66D28006974AA /* File.swift in Sources */,
				47D64DF225F2A194005E976D /* instrumentTunnerTests.m in Sources */,
			);
			runOnlyForDeploymentPostprocessing = 0;
		};
		47D64DF425F2A194005E976D /* Sources */ = {
			isa = PBXSourcesBuildPhase;
			buildActionMask = 2147483647;
			files = (
				47C89AE925F66D2E006974AA /* File.swift in Sources */,
				47D64DFD25F2A194005E976D /* instrumentTunnerUITests.m in Sources */,
			);
			runOnlyForDeploymentPostprocessing = 0;
		};
/* End PBXSourcesBuildPhase section */

/* Begin PBXTargetDependency section */
		47D64DEF25F2A194005E976D /* PBXTargetDependency */ = {
			isa = PBXTargetDependency;
			target = 47D64DD125F2A193005E976D /* instrumentTunner */;
			targetProxy = 47D64DEE25F2A194005E976D /* PBXContainerItemProxy */;
		};
		47D64DFA25F2A194005E976D /* PBXTargetDependency */ = {
			isa = PBXTargetDependency;
			target = 47D64DD125F2A193005E976D /* instrumentTunner */;
			targetProxy = 47D64DF925F2A194005E976D /* PBXContainerItemProxy */;
		};
/* End PBXTargetDependency section */

/* Begin PBXVariantGroup section */
		47D64DDE25F2A193005E976D /* Main.storyboard */ = {
			isa = PBXVariantGroup;
			children = (
				47D64DDF25F2A193005E976D /* Base */,
			);
			name = Main.storyboard;
			sourceTree = "<group>";
		};
		47D64DE325F2A194005E976D /* LaunchScreen.storyboard */ = {
			isa = PBXVariantGroup;
			children = (
				47D64DE425F2A194005E976D /* Base */,
			);
			name = LaunchScreen.storyboard;
			sourceTree = "<group>";
		};
/* End PBXVariantGroup section */

/* Begin XCBuildConfiguration section */
		47D64DFF25F2A194005E976D /* Debug */ = {
			isa = XCBuildConfiguration;
			buildSettings = {
				ALWAYS_SEARCH_USER_PATHS = NO;
				CLANG_ANALYZER_NONNULL = YES;
				CLANG_ANALYZER_NUMBER_OBJECT_CONVERSION = YES_AGGRESSIVE;
				CLANG_CXX_LANGUAGE_STANDARD = "gnu++14";
				CLANG_CXX_LIBRARY = "libc++";
				CLANG_ENABLE_MODULES = YES;
				CLANG_ENABLE_OBJC_ARC = YES;
				CLANG_ENABLE_OBJC_WEAK = YES;
				CLANG_WARN_BLOCK_CAPTURE_AUTORELEASING = YES;
				CLANG_WARN_BOOL_CONVERSION = YES;
				CLANG_WARN_COMMA = YES;
				CLANG_WARN_CONSTANT_CONVERSION = YES;
				CLANG_WARN_DEPRECATED_OBJC_IMPLEMENTATIONS = YES;
				CLANG_WARN_DIRECT_OBJC_ISA_USAGE = YES_ERROR;
				CLANG_WARN_DOCUMENTATION_COMMENTS = YES;
				CLANG_WARN_EMPTY_BODY = YES;
				CLANG_WARN_ENUM_CONVERSION = YES;
				CLANG_WARN_INFINITE_RECURSION = YES;
				CLANG_WARN_INT_CONVERSION = YES;
				CLANG_WARN_NON_LITERAL_NULL_CONVERSION = YES;
				CLANG_WARN_OBJC_IMPLICIT_RETAIN_SELF = YES;
				CLANG_WARN_OBJC_LITERAL_CONVERSION = YES;
				CLANG_WARN_OBJC_ROOT_CLASS = YES_ERROR;
				CLANG_WARN_QUOTED_INCLUDE_IN_FRAMEWORK_HEADER = YES;
				CLANG_WARN_RANGE_LOOP_ANALYSIS = YES;
				CLANG_WARN_STRICT_PROTOTYPES = YES;
				CLANG_WARN_SUSPICIOUS_MOVE = YES;
				CLANG_WARN_UNGUARDED_AVAILABILITY = YES_AGGRESSIVE;
				CLANG_WARN_UNREACHABLE_CODE = YES;
				CLANG_WARN__DUPLICATE_METHOD_MATCH = YES;
				COPY_PHASE_STRIP = NO;
				DEBUG_INFORMATION_FORMAT = dwarf;
				ENABLE_STRICT_OBJC_MSGSEND = YES;
				ENABLE_TESTABILITY = YES;
				GCC_C_LANGUAGE_STANDARD = gnu11;
				GCC_DYNAMIC_NO_PIC = NO;
				GCC_NO_COMMON_BLOCKS = YES;
				GCC_OPTIMIZATION_LEVEL = 0;
				GCC_PREPROCESSOR_DEFINITIONS = (
					"DEBUG=1",
					"$(inherited)",
				);
				GCC_WARN_64_TO_32_BIT_CONVERSION = YES;
				GCC_WARN_ABOUT_RETURN_TYPE = YES_ERROR;
				GCC_WARN_UNDECLARED_SELECTOR = YES;
				GCC_WARN_UNINITIALIZED_AUTOS = YES_AGGRESSIVE;
				GCC_WARN_UNUSED_FUNCTION = YES;
				GCC_WARN_UNUSED_VARIABLE = YES;
				IPHONEOS_DEPLOYMENT_TARGET = 14.4;
				MTL_ENABLE_DEBUG_INFO = INCLUDE_SOURCE;
				MTL_FAST_MATH = YES;
				ONLY_ACTIVE_ARCH = YES;
				SDKROOT = iphoneos;
				USER_HEADER_SEARCH_PATHS = "Pods/**";
			};
			name = Debug;
		};
		47D64E0025F2A194005E976D /* Release */ = {
			isa = XCBuildConfiguration;
			buildSettings = {
				ALWAYS_SEARCH_USER_PATHS = NO;
				CLANG_ANALYZER_NONNULL = YES;
				CLANG_ANALYZER_NUMBER_OBJECT_CONVERSION = YES_AGGRESSIVE;
				CLANG_CXX_LANGUAGE_STANDARD = "gnu++14";
				CLANG_CXX_LIBRARY = "libc++";
				CLANG_ENABLE_MODULES = YES;
				CLANG_ENABLE_OBJC_ARC = YES;
				CLANG_ENABLE_OBJC_WEAK = YES;
				CLANG_WARN_BLOCK_CAPTURE_AUTORELEASING = YES;
				CLANG_WARN_BOOL_CONVERSION = YES;
				CLANG_WARN_COMMA = YES;
				CLANG_WARN_CONSTANT_CONVERSION = YES;
				CLANG_WARN_DEPRECATED_OBJC_IMPLEMENTATIONS = YES;
				CLANG_WARN_DIRECT_OBJC_ISA_USAGE = YES_ERROR;
				CLANG_WARN_DOCUMENTATION_COMMENTS = YES;
				CLANG_WARN_EMPTY_BODY = YES;
				CLANG_WARN_ENUM_CONVERSION = YES;
				CLANG_WARN_INFINITE_RECURSION = YES;
				CLANG_WARN_INT_CONVERSION = YES;
				CLANG_WARN_NON_LITERAL_NULL_CONVERSION = YES;
				CLANG_WARN_OBJC_IMPLICIT_RETAIN_SELF = YES;
				CLANG_WARN_OBJC_LITERAL_CONVERSION = YES;
				CLANG_WARN_OBJC_ROOT_CLASS = YES_ERROR;
				CLANG_WARN_QUOTED_INCLUDE_IN_FRAMEWORK_HEADER = YES;
				CLANG_WARN_RANGE_LOOP_ANALYSIS = YES;
				CLANG_WARN_STRICT_PROTOTYPES = YES;
				CLANG_WARN_SUSPICIOUS_MOVE = YES;
				CLANG_WARN_UNGUARDED_AVAILABILITY = YES_AGGRESSIVE;
				CLANG_WARN_UNREACHABLE_CODE = YES;
				CLANG_WARN__DUPLICATE_METHOD_MATCH = YES;
				COPY_PHASE_STRIP = NO;
				DEBUG_INFORMATION_FORMAT = "dwarf-with-dsym";
				ENABLE_NS_ASSERTIONS = NO;
				ENABLE_STRICT_OBJC_MSGSEND = YES;
				GCC_C_LANGUAGE_STANDARD = gnu11;
				GCC_NO_COMMON_BLOCKS = YES;
				GCC_WARN_64_TO_32_BIT_CONVERSION = YES;
				GCC_WARN_ABOUT_RETURN_TYPE = YES_ERROR;
				GCC_WARN_UNDECLARED_SELECTOR = YES;
				GCC_WARN_UNINITIALIZED_AUTOS = YES_AGGRESSIVE;
				GCC_WARN_UNUSED_FUNCTION = YES;
				GCC_WARN_UNUSED_VARIABLE = YES;
				IPHONEOS_DEPLOYMENT_TARGET = 14.4;
				MTL_ENABLE_DEBUG_INFO = NO;
				MTL_FAST_MATH = YES;
				SDKROOT = iphoneos;
				USER_HEADER_SEARCH_PATHS = "Pods/**";
				VALIDATE_PRODUCT = YES;
			};
			name = Release;
		};
		47D64E0225F2A194005E976D /* Debug */ = {
			isa = XCBuildConfiguration;
			baseConfigurationReference = 9E3E42F3D715F37EE3CED426 /* Pods-instrumentTunner.debug.xcconfig */;
			buildSettings = {
				ASSETCATALOG_COMPILER_APPICON_NAME = AppIcon;
				ASSETCATALOG_COMPILER_GLOBAL_ACCENT_COLOR_NAME = AccentColor;
				CLANG_ENABLE_MODULES = YES;
				CODE_SIGN_STYLE = Automatic;
				DEFINES_MODULE = YES;
				DEVELOPMENT_TEAM = 765BB9ZL75;
				FRAMEWORK_SEARCH_PATHS = (
					"$(inherited)",
					"$(PROJECT_DIR)/Pods/AudioKit/AudioKit.xcframework/macos-x86_64",
					"$(PROJECT_DIR)/Pods/AudioKit/AudioKit.xcframework/ios-x86_64-maccatalyst",
					"$(PROJECT_DIR)/Pods/AudioKit/AudioKit.xcframework/ios-arm64_armv7",
				);
				INFOPLIST_FILE = instrumentTunner/Info.plist;
				LD_RUNPATH_SEARCH_PATHS = (
					"$(inherited)",
					"@executable_path/Frameworks",
				);
				LD_VERIFY_BITCODE = NO;
				PRODUCT_BUNDLE_IDENTIFIER = julian.instrumentTunner;
				PRODUCT_NAME = "$(TARGET_NAME)";
				SWIFT_OBJC_BRIDGING_HEADER = "instrumentTunner-Bridging-Header.h";
				SWIFT_OPTIMIZATION_LEVEL = "-Onone";
				SWIFT_VERSION = 5.0;
				TARGETED_DEVICE_FAMILY = "1,2";
			};
			name = Debug;
		};
		47D64E0325F2A194005E976D /* Release */ = {
			isa = XCBuildConfiguration;
			baseConfigurationReference = C423B127456FC3FAE1E248C1 /* Pods-instrumentTunner.release.xcconfig */;
			buildSettings = {
				ASSETCATALOG_COMPILER_APPICON_NAME = AppIcon;
				ASSETCATALOG_COMPILER_GLOBAL_ACCENT_COLOR_NAME = AccentColor;
				CLANG_ENABLE_MODULES = YES;
				CODE_SIGN_STYLE = Automatic;
				DEFINES_MODULE = YES;
				DEVELOPMENT_TEAM = 765BB9ZL75;
				FRAMEWORK_SEARCH_PATHS = (
					"$(inherited)",
					"$(PROJECT_DIR)/Pods/AudioKit/AudioKit.xcframework/macos-x86_64",
					"$(PROJECT_DIR)/Pods/AudioKit/AudioKit.xcframework/ios-x86_64-maccatalyst",
					"$(PROJECT_DIR)/Pods/AudioKit/AudioKit.xcframework/ios-arm64_armv7",
				);
				INFOPLIST_FILE = instrumentTunner/Info.plist;
				LD_RUNPATH_SEARCH_PATHS = (
					"$(inherited)",
					"@executable_path/Frameworks",
				);
				LD_VERIFY_BITCODE = NO;
				PRODUCT_BUNDLE_IDENTIFIER = julian.instrumentTunner;
				PRODUCT_NAME = "$(TARGET_NAME)";
				SWIFT_OBJC_BRIDGING_HEADER = "instrumentTunner-Bridging-Header.h";
				SWIFT_VERSION = 5.0;
				TARGETED_DEVICE_FAMILY = "1,2";
			};
			name = Release;
		};
		47D64E0525F2A194005E976D /* Debug */ = {
			isa = XCBuildConfiguration;
			baseConfigurationReference = BD9878378522843E9D4C9319 /* Pods-instrumentTunnerTests.debug.xcconfig */;
			buildSettings = {
				ALWAYS_EMBED_SWIFT_STANDARD_LIBRARIES = YES;
				BUNDLE_LOADER = "$(TEST_HOST)";
				CODE_SIGN_STYLE = Automatic;
				DEVELOPMENT_TEAM = 765BB9ZL75;
				INFOPLIST_FILE = instrumentTunnerTests/Info.plist;
				IPHONEOS_DEPLOYMENT_TARGET = 14.4;
				LD_RUNPATH_SEARCH_PATHS = (
					"$(inherited)",
					"@executable_path/Frameworks",
					"@loader_path/Frameworks",
				);
				PRODUCT_BUNDLE_IDENTIFIER = julian.instrumentTunnerTests;
				PRODUCT_NAME = "$(TARGET_NAME)";
				SWIFT_VERSION = 5.0;
				TARGETED_DEVICE_FAMILY = "1,2";
				TEST_HOST = "$(BUILT_PRODUCTS_DIR)/instrumentTunner.app/instrumentTunner";
			};
			name = Debug;
		};
		47D64E0625F2A194005E976D /* Release */ = {
			isa = XCBuildConfiguration;
			baseConfigurationReference = 2434D67D2F4FE3418BF8D509 /* Pods-instrumentTunnerTests.release.xcconfig */;
			buildSettings = {
				ALWAYS_EMBED_SWIFT_STANDARD_LIBRARIES = YES;
				BUNDLE_LOADER = "$(TEST_HOST)";
				CODE_SIGN_STYLE = Automatic;
				DEVELOPMENT_TEAM = 765BB9ZL75;
				INFOPLIST_FILE = instrumentTunnerTests/Info.plist;
				IPHONEOS_DEPLOYMENT_TARGET = 14.4;
				LD_RUNPATH_SEARCH_PATHS = (
					"$(inherited)",
					"@executable_path/Frameworks",
					"@loader_path/Frameworks",
				);
				PRODUCT_BUNDLE_IDENTIFIER = julian.instrumentTunnerTests;
				PRODUCT_NAME = "$(TARGET_NAME)";
				SWIFT_VERSION = 5.0;
				TARGETED_DEVICE_FAMILY = "1,2";
				TEST_HOST = "$(BUILT_PRODUCTS_DIR)/instrumentTunner.app/instrumentTunner";
			};
			name = Release;
		};
		47D64E0825F2A194005E976D /* Debug */ = {
			isa = XCBuildConfiguration;
			baseConfigurationReference = 51AE93CC877E3E61B8ECDF11 /* Pods-instrumentTunner-instrumentTunnerUITests.debug.xcconfig */;
			buildSettings = {
				ALWAYS_EMBED_SWIFT_STANDARD_LIBRARIES = YES;
				CODE_SIGN_STYLE = Automatic;
				DEVELOPMENT_TEAM = 765BB9ZL75;
				INFOPLIST_FILE = instrumentTunnerUITests/Info.plist;
				LD_RUNPATH_SEARCH_PATHS = (
					"$(inherited)",
					"@executable_path/Frameworks",
					"@loader_path/Frameworks",
				);
				PRODUCT_BUNDLE_IDENTIFIER = julian.instrumentTunnerUITests;
				PRODUCT_NAME = "$(TARGET_NAME)";
				SWIFT_VERSION = 5.0;
				TARGETED_DEVICE_FAMILY = "1,2";
				TEST_TARGET_NAME = instrumentTunner;
			};
			name = Debug;
		};
		47D64E0925F2A194005E976D /* Release */ = {
			isa = XCBuildConfiguration;
			baseConfigurationReference = E3540630AA1CCBD1F404CBFF /* Pods-instrumentTunner-instrumentTunnerUITests.release.xcconfig */;
			buildSettings = {
				ALWAYS_EMBED_SWIFT_STANDARD_LIBRARIES = YES;
				CODE_SIGN_STYLE = Automatic;
				DEVELOPMENT_TEAM = 765BB9ZL75;
				INFOPLIST_FILE = instrumentTunnerUITests/Info.plist;
				LD_RUNPATH_SEARCH_PATHS = (
					"$(inherited)",
					"@executable_path/Frameworks",
					"@loader_path/Frameworks",
				);
				PRODUCT_BUNDLE_IDENTIFIER = julian.instrumentTunnerUITests;
				PRODUCT_NAME = "$(TARGET_NAME)";
				SWIFT_VERSION = 5.0;
				TARGETED_DEVICE_FAMILY = "1,2";
				TEST_TARGET_NAME = instrumentTunner;
			};
			name = Release;
		};
/* End XCBuildConfiguration section */

/* Begin XCConfigurationList section */
		47D64DCD25F2A193005E976D /* Build configuration list for PBXProject "instrumentTunner" */ = {
			isa = XCConfigurationList;
			buildConfigurations = (
				47D64DFF25F2A194005E976D /* Debug */,
				47D64E0025F2A194005E976D /* Release */,
			);
			defaultConfigurationIsVisible = 0;
			defaultConfigurationName = Release;
		};
		47D64E0125F2A194005E976D /* Build configuration list for PBXNativeTarget "instrumentTunner" */ = {
			isa = XCConfigurationList;
			buildConfigurations = (
				47D64E0225F2A194005E976D /* Debug */,
				47D64E0325F2A194005E976D /* Release */,
			);
			defaultConfigurationIsVisible = 0;
			defaultConfigurationName = Release;
		};
		47D64E0425F2A194005E976D /* Build configuration list for PBXNativeTarget "instrumentTunnerTests" */ = {
			isa = XCConfigurationList;
			buildConfigurations = (
				47D64E0525F2A194005E976D /* Debug */,
				47D64E0625F2A194005E976D /* Release */,
			);
			defaultConfigurationIsVisible = 0;
			defaultConfigurationName = Release;
		};
		47D64E0725F2A194005E976D /* Build configuration list for PBXNativeTarget "instrumentTunnerUITests" */ = {
			isa = XCConfigurationList;
			buildConfigurations = (
				47D64E0825F2A194005E976D /* Debug */,
				47D64E0925F2A194005E976D /* Release */,
			);
			defaultConfigurationIsVisible = 0;
			defaultConfigurationName = Release;
		};
/* End XCConfigurationList section */
	};
	rootObject = 47D64DCA25F2A193005E976D /* Project object */;
}
